{
  "name": "aithema",
  "version": "0.0.0",
  "lockfileVersion": 3,
  "requires": true,
  "packages": {
    "": {
      "name": "aithema",
      "version": "0.0.0",
      "license": "AGPL-3.0-only",
      "workspaces": [
        "packages/*",
        "plugins/*"
      ],
      "devDependencies": {
        "happy-dom": "^20.11.2",
        "puppeteer-core": "25.13.0"
      },
      "engines": {
        "node": ">=24"
      }
    },
    "node_modules/@bufbuild/protobuf": {
      "version": "1.10.1",
      "resolved": "https://registry.npmjs.org/@bufbuild/protobuf/-/protobuf-1.10.1.tgz",
      "integrity": "sha512-wJ8ReQbHxsAfXhrf9ixl0aYbZorRuOWpBNzm8pL8ftmSxQx/wnJD5Eg861NwJU/czy2VXFIebCeZnZrI9rktIQ==",
      "license": "(Apache-2.0 AND BSD-3-Clause)"
    },
    "node_modules/@elevenlabs/client": {
      "version": "1.17.0",
      "resolved": "https://registry.npmjs.org/@elevenlabs/client/-/client-1.17.0.tgz",
      "integrity": "sha512-TcFF3KlfuI/ol1yrl6OXfFopCJ1+B8EHtEmx1k4XTNduqnucwTM5u61AtCGBskWUVxdCaYzNXWysEqMvEhXIgQ==",
      "license": "MIT",
      "dependencies": {
        "@elevenlabs/types": "0.19.0",
        "livekit-client": "2.16.1"
      }
    },
    "node_modules/@elevenlabs/types": {
      "version": "0.19.0",
      "resolved": "https://registry.npmjs.org/@elevenlabs/types/-/types-0.19.0.tgz",
      "integrity": "sha512-CjaWT0Q4CWJPFbYrTSxzkW2NwUb9Z88m1hWL+7R07YZSp444OGl70/u1U/7fS3gjkeG/RgadzipDrhXYTZ5SAw==",
      "license": "MIT"
    },
    "node_modules/@inspr/aithema-core": {
      "resolved": "packages/core",
      "link": true
    },
    "node_modules/@inspr/aithema-plugin-device": {
      "resolved": "plugins/device",
      "link": true
    },
    "node_modules/@inspr/aithema-plugin-elevenlabs": {
      "resolved": "plugins/elevenlabs",
      "link": true
    },
    "node_modules/@inspr/aithema-plugin-extract-ooxml": {
      "resolved": "plugins/extract-ooxml",
      "link": true
    },
    "node_modules/@inspr/aithema-plugin-extract-pdf": {
      "resolved": "plugins/extract-pdf",
      "link": true
    },
    "node_modules/@inspr/aithema-plugin-extract-text": {
      "resolved": "plugins/extract-text",
      "link": true
    },
    "node_modules/@inspr/aithema-plugin-mistral": {
      "resolved": "plugins/mistral",
      "link": true
    },
    "node_modules/@inspr/aithema-plugin-openai-images": {
      "resolved": "plugins/openai-images",
      "link": true
    },
    "node_modules/@inspr/aithema-plugin-openrouter": {
      "resolved": "plugins/openrouter",
      "link": true
    },
    "node_modules/@inspr/aithema-server": {
      "resolved": "packages/server",
      "link": true
    },
    "node_modules/@inspr/aithema-ui": {
      "resolved": "packages/ui",
      "link": true
    },
    "node_modules/@livekit/mutex": {
      "version": "1.1.1",
      "resolved": "https://registry.npmjs.org/@livekit/mutex/-/mutex-1.1.1.tgz",
      "integrity": "sha512-EsshAucklmpuUAfkABPxJNhzj9v2sG7JuzFDL4ML1oJQSV14sqrpTYnsaOudMAw9yOaW53NU3QQTlUQoRs4czw==",
      "license": "Apache-2.0"
    },
    "node_modules/@livekit/protocol": {
      "version": "1.42.2",
      "resolved": "https://registry.npmjs.org/@livekit/protocol/-/protocol-1.42.2.tgz",
      "integrity": "sha512-0jeCwoMJKcwsZICg5S6RZM4xhJoF78qMvQELjACJQn6/VB+jmiySQKOSELTXvPBVafHfEbMlqxUw2UR1jTXs2g==",
      "license": "Apache-2.0",
      "dependencies": {
        "@bufbuild/protobuf": "^1.10.0"
      }
    },
    "node_modules/@puppeteer/browsers": {
      "version": "3.2.4",
      "resolved": "https://registry.npmjs.org/@puppeteer/browsers/-/browsers-3.2.4.tgz",
      "integrity": "sha512-okJ6yQMc0SBexOKxMi966omwAV1uAPwgF/YMZdb04gZQPXVjWHl9bmXjZYtIcsN1+PN3Bz4iFfGK3g+c6lZJ0Q==",
      "dev": true,
      "license": "Apache-2.0",
      "dependencies": {
        "modern-tar": "^0.8.5",
        "yargs": "^18.0.0"
      },
      "bin": {
        "browsers": "lib/main-cli.js"
      },
      "engines": {
        "node": ">=22.12.0"
      },
      "peerDependencies": {
        "proxy-agent": ">=8.0.1",
        "yauzl": "^2.10.0 || ^3.4.0"
      },
      "peerDependenciesMeta": {
        "proxy-agent": {
          "optional": true
        },
        "yauzl": {
          "optional": true
        }
      }
    },
    "node_modules/@types/dom-mediacapture-record": {
      "version": "1.0.22",
      "resolved": "https://registry.npmjs.org/@types/dom-mediacapture-record/-/dom-mediacapture-record-1.0.22.tgz",
      "integrity": "sha512-mUMZLK3NvwRLcAAT9qmcK+9p7tpU2FHdDsntR3YI4+GY88XrgG4XiE7u1Q2LAN2/FZOz/tdMDC3GQCR4T8nFuw==",
      "license": "MIT",
      "peer": true
    },
    "node_modules/@types/node": {
      "version": "26.6.4",
      "resolved": "https://registry.npmjs.org/@types/node/-/node-26.6.4.tgz",
      "integrity": "sha512-ldVPDCzj7fsaGZrLB0NuHuTvJcsNasysBAqMolr/cgxrLd1xbqxIr3XJiPnHHJUCxj5sNF1vnRj9aWnrVh5Jcg==",
      "dev": true,
      "license": "MIT",
      "dependencies": {
        "undici-types": "~8.9.0"
      }
    },
    "node_modules/@types/whatwg-mimetype": {
      "version": "3.0.2",
      "resolved": "https://registry.npmjs.org/@types/whatwg-mimetype/-/whatwg-mimetype-3.0.2.tgz",
      "integrity": "sha512-c2AKvDT8ToxLIOUlN51gTiHXflsfIFisS4pO7pDPoKouJCESkhZnEy623gwP9laCy5lnLDAw1vAzu2vM2YLOrA==",
      "dev": true,
      "license": "MIT"
    },
    "node_modules/@types/ws": {
      "version": "8.18.2",
      "resolved": "https://registry.npmjs.org/@types/ws/-/ws-8.18.2.tgz",
      "integrity": "sha512-67MQl+fpWKVTT1NYdnmo3U4sc/xPo/zQBncVnI74qmQa0z/b+1g6iYqNmGCPbxO+zz2aklb08a0oHfegiVd0/w==",
      "dev": true,
      "license": "MIT",
      "dependencies": {
        "@types/node": "*"
      }
    },
    "node_modules/ansi-regex": {
      "version": "6.4.0",
      "resolved": "https://registry.npmjs.org/ansi-regex/-/ansi-regex-6.4.0.tgz",
      "integrity": "sha512-KzTVk2tCWAHtYrvvvaP8bJKJq2pVinhLcGEQdtLIYPbmNGNyYe8QwNaTUYQp2J7/vIsUKt5QCqAfUkYyG9DkOw==",
      "dev": true,
      "license": "MIT",
      "engines": {
        "node": ">=12"
      },
      "funding": {
        "url": "https://github.com/chalk/ansi-regex?sponsor=1"
      }
    },
    "node_modules/ansi-styles": {
      "version": "6.2.3",
      "resolved": "https://registry.npmjs.org/ansi-styles/-/ansi-styles-6.2.3.tgz",
      "integrity": "sha512-4Dj6M28JB+oAH8kFkTLUo+a2jwOFkuqb3yucU0CANcRRUbxS0cP0nZYCGjcc3BNXwRIsUVmDGgzawme7zvJHvg==",
      "dev": true,
      "license": "MIT",
      "engines": {
        "node": ">=12"
      },
      "funding": {
        "url": "https://github.com/chalk/ansi-styles?sponsor=1"
      }
    },
    "node_modules/buffer-image-size": {
      "version": "0.6.4",
      "resolved": "https://registry.npmjs.org/buffer-image-size/-/buffer-image-size-0.6.4.tgz",
      "integrity": "sha512-nEh+kZOPY1w+gcCMobZ6ETUp9WfibndnosbpwB1iJk/8Gt5ZF2bhS6+B6bPYz424KtwsR6Rflc3tCz1/ghX2dQ==",
      "dev": true,
      "license": "MIT",
      "dependencies": {
        "@types/node": "*"
      },
      "engines": {
        "node": ">=4.0"
      }
    },
    "node_modules/chromium-bidi": {
      "version": "157.0.8090-0",
      "resolved": "https://registry.npmjs.org/chromium-bidi/-/chromium-bidi-157.0.8090-0.tgz",
      "integrity": "sha512-KJw7IQgqXwxpJgJlEIPg5mr2ZoqA+jkTRtc5EABI7sUJ3bu3cpI7NuEBoj4Gn1AsF78CaT9So5WQWspK3/wYag==",
      "dev": true,
      "license": "Apache-2.0",
      "dependencies": {
        "mitt": "^3.0.1",
        "zod": "^4.6.5"
      },
      "engines": {
        "node": ">=20.19.0 <22.0.0 || >=22.12.0"
      },
      "peerDependencies": {
        "devtools-protocol": "*"
      }
    },
    "node_modules/cliui": {
      "version": "9.0.1",
      "resolved": "https://registry.npmjs.org/cliui/-/cliui-9.0.1.tgz",
      "integrity": "sha512-k7ndgKhwoQveBL+/1tqGJYNz097I7WOvwbmmU2AR5+magtbjPWQTS1C5vzGkBC8Ym8UWRzfKUzUUqFLypY4Q+w==",
      "dev": true,
      "license": "ISC",
      "dependencies": {
        "string-width": "^7.2.0",
        "strip-ansi": "^7.1.0",
        "wrap-ansi": "^9.0.0"
      },
      "engines": {
        "node": ">=20"
      }
    },
    "node_modules/cliui/node_modules/string-width": {
      "version": "7.2.0",
      "resolved": "https://registry.npmjs.org/string-width/-/string-width-7.2.0.tgz",
      "integrity": "sha512-tsaTIkKW9b4N+AEj+SVA+WhJzV7/zMhcSu78mLKWSk7cXMOSHsBKFWUs0fWwq8QyK3MgJBQRX6Gbi4kYbdvGkQ==",
      "dev": true,
      "license": "MIT",
      "dependencies": {
        "emoji-regex": "^10.3.0",
        "get-east-asian-width": "^1.0.0",
        "strip-ansi": "^7.1.0"
      },
      "engines": {
        "node": ">=18"
      },
      "funding": {
        "url": "https://github.com/sponsors/sindresorhus"
      }
    },
    "node_modules/devtools-protocol": {
      "version": "0.0.1696802",
      "resolved": "https://registry.npmjs.org/devtools-protocol/-/devtools-protocol-0.0.1696802.tgz",
      "integrity": "sha512-FO5/SENfvc2K8wRnWQflKcwuoTH4dBkXCWTQ9ebIWtuX8JM5+ZvCotaEmkfh21pO7TvIKGTM3hG4xFiq9WTwmg==",
      "dev": true,
      "license": "BSD-3-Clause"
    },
    "node_modules/emoji-regex": {
      "version": "10.6.0",
      "resolved": "https://registry.npmjs.org/emoji-regex/-/emoji-regex-10.6.0.tgz",
      "integrity": "sha512-toUI84YS5YmxW219erniWD0CIVOo46xGKColeNQRgOzDorgBi1v4D71/OFzgD9GO2UGKIv1C3Sp8DAn0+j5w7A==",
      "dev": true,
      "license": "MIT"
    },
    "node_modules/entities": {
      "version": "7.0.1",
      "resolved": "https://registry.npmjs.org/entities/-/entities-7.0.1.tgz",
      "integrity": "sha512-TWrgLOFUQTH994YUyl1yT4uyavY5nNB5muff+RtWaqNVCAK408b5ZnnbNAUEWLTCpum9w6arT70i1XdQ4UeOPA==",
      "dev": true,
      "license": "BSD-2-Clause",
      "engines": {
        "node": ">=0.12"
      },
      "funding": {
        "url": "https://github.com/fb55/entities?sponsor=1"
      }
    },
    "node_modules/escalade": {
      "version": "3.2.0",
      "resolved": "https://registry.npmjs.org/escalade/-/escalade-3.2.0.tgz",
      "integrity": "sha512-WUj2qlxaQtO4g6Pq5c29GTcWGDyd8itL8zTlipgECz3JesAiiOKotd8JU6otB3PACgG6xkJUyVhboMS+bje/jA==",
      "dev": true,
      "license": "MIT",
      "engines": {
        "node": ">=6"
      }
    },
    "node_modules/events": {
      "version": "3.3.0",
      "resolved": "https://registry.npmjs.org/events/-/events-3.3.0.tgz",
      "integrity": "sha512-mQw+2fkQbALzQ7V0MY0IqdnXNOeTtP4r0lN9z7AAawCXgqea7bDii20AYrIBrFd/Hx0M2Ocz6S111CaFkUcb0Q==",
      "license": "MIT",
      "engines": {
        "node": ">=0.8.x"
      }
    },
    "node_modules/get-caller-file": {
      "version": "2.0.5",
      "resolved": "https://registry.npmjs.org/get-caller-file/-/get-caller-file-2.0.5.tgz",
      "integrity": "sha512-DyFP3BM/3YHTQOCUL/w0OZHR0lpKeGrxotcHWcqNEdnltqFwXVfhEBQ94eIo34AfQpo0rGki4cyIiftY06h2Fg==",
      "dev": true,
      "license": "ISC",
      "engines": {
        "node": "6.* || 8.* || >= 10.*"
      }
    },
    "node_modules/get-east-asian-width": {
      "version": "1.7.0",
      "resolved": "https://registry.npmjs.org/get-east-asian-width/-/get-east-asian-width-1.7.0.tgz",
      "integrity": "sha512-XjH1AECxf0giL2V1aU8vKyRR2ppRUb5c0EvT7zuJTokQ74bNo52zOtghqdWIqrhUD79fo3x0WfKZdOqxF6LG1Q==",
      "dev": true,
      "license": "MIT",
      "engines": {
        "node": ">=18"
      },
      "funding": {
        "url": "https://github.com/sponsors/sindresorhus"
      }
    },
    "node_modules/happy-dom": {
      "version": "20.11.2",
      "resolved": "https://registry.npmjs.org/happy-dom/-/happy-dom-20.11.2.tgz",
      "integrity": "sha512-7MB+bJLkxu3SowAfBJbjW+c55kNz5tkR45gu2qzrxznezhLeN5YIlJbwUgSzlGc+qWoZ8Ykg71H5ezz69xixrw==",
      "dev": true,
      "license": "MIT",
      "dependencies": {
        "@types/node": ">=20.0.0",
        "@types/whatwg-mimetype": "^3.0.2",
        "@types/ws": "^8.18.1",
        "buffer-image-size": "^0.6.4",
        "entities": "^7.0.1",
        "whatwg-mimetype": "^3.0.0",
        "ws": "^8.21.0"
      },
      "engines": {
        "node": ">=20.0.0"
      }
    },
    "node_modules/jose": {
      "version": "6.2.12",
      "resolved": "https://registry.npmjs.org/jose/-/jose-6.2.12.tgz",
      "integrity": "sha512-9NiFmJEex0sy2Dk58j2UGBSHgUs2ypF9eZSu4L6vjOX3Dp96Sw1F3uL+H+D1sx02jZZdzUT0HgvCy59CuvXcWw==",
      "license": "MIT",
      "funding": {
        "url": "https://github.com/sponsors/panva"
      }
    },
    "node_modules/livekit-client": {
      "version": "2.16.1",
      "resolved": "https://registry.npmjs.org/livekit-client/-/livekit-client-2.16.1.tgz",
      "integrity": "sha512-PmOHiGdkzw2P/t0vLbJRwHU59+T+JcFlGTYDV7PObWmzvypIij1Vlj0WhZKDZ/Ac7CvwWinbiGCVw/Pb/OiYYw==",
      "license": "Apache-2.0",
      "dependencies": {
        "@livekit/mutex": "1.1.1",
        "@livekit/protocol": "1.42.2",
        "events": "^3.3.0",
        "jose": "^6.1.0",
        "loglevel": "^1.9.2",
        "sdp-transform": "^2.15.0",
        "ts-debounce": "^4.0.0",
        "tslib": "2.8.1",
        "typed-emitter": "^2.1.0",
        "webrtc-adapter": "^9.0.1"
      },
      "peerDependencies": {
        "@types/dom-mediacapture-record": "^1"
      }
    },
    "node_modules/loglevel": {
      "version": "1.9.2",
      "resolved": "https://registry.npmjs.org/loglevel/-/loglevel-1.9.2.tgz",
      "integrity": "sha512-HgMmCqIJSAKqo68l0rS2AanEWfkxaZ5wNiEFb5ggm08lDs9Xl2KxBlX3PTcaD2chBM1gXAYf491/M2Rv8Jwayg==",
      "license": "MIT",
      "engines": {
        "node": ">= 0.6.0"
      },
      "funding": {
        "type": "tidelift",
        "url": "https://tidelift.com/funding/github/npm/loglevel"
      }
    },
    "node_modules/mitt": {
      "version": "3.0.1",
      "resolved": "https://registry.npmjs.org/mitt/-/mitt-3.0.1.tgz",
      "integrity": "sha512-vKivATfr97l2/QBCYAkXYDbrIWPM2IIKEl7YPhjCvKlG3kE2gm+uBo6nEXK3M5/Ffh/FLpKExzOQ3JJoJGFKBw==",
      "dev": true,
      "license": "MIT"
    },
    "node_modules/modern-tar": {
      "version": "0.8.5",
      "resolved": "https://registry.npmjs.org/modern-tar/-/modern-tar-0.8.5.tgz",
      "integrity": "sha512-snEhs+6G5Tjd4I7tLCDOaoln2RgE0bD19RzEKgvgK2hZ5VKy3MpLhLTZ2fWpXSTg4K2cyPwp+VHATFJhxfnOeA==",
      "dev": true,
      "license": "MIT",
      "engines": {
        "node": ">=18.0.0"
      }
    },
    "node_modules/puppeteer-core": {
      "version": "25.13.0",
      "resolved": "https://registry.npmjs.org/puppeteer-core/-/puppeteer-core-25.13.0.tgz",
      "integrity": "sha512-cyBS0OEx3e9NS53B5F6+UazXtR7f9Tw0cR1/FbPW59/hV6JPZbkIiMnxK2543IkFp3rsGlLn1iPDLF77TJsJsA==",
      "dev": true,
      "license": "Apache-2.0",
      "dependencies": {
        "@puppeteer/browsers": "3.2.4",
        "chromium-bidi": "157.0.8090-0",
        "devtools-protocol": "0.0.1696802",
        "typed-query-selector": "^2.12.3",
        "webdriver-bidi-protocol": "1.0.1",
        "ws": "^8.21.3"
      },
      "engines": {
        "node": ">=22.12.0"
      }
    },
    "node_modules/rxjs": {
      "version": "7.8.2",
      "resolved": "https://registry.npmjs.org/rxjs/-/rxjs-7.8.2.tgz",
      "integrity": "sha512-dhKf903U/PQZY6boNNtAGdWbG85WAbjT/1xYoZIC7FAY0yWapOBQVsVrDl58W86//e1VpMNBtRV4MaXfdMySFA==",
      "license": "Apache-2.0",
      "optional": true,
      "dependencies": {
        "tslib": "^2.1.0"
      }
    },
    "node_modules/sdp": {
      "version": "3.2.2",
      "resolved": "https://registry.npmjs.org/sdp/-/sdp-3.2.2.tgz",
      "integrity": "sha512-xZocWwfyp4hkbN4hLWxMjmv2Q8aNa9MhmOZ7L9aCZPT+dZsgRr6wZRrSYE3HTdyk/2pZKPSgqI7ns7Een1xMSA==",
      "license": "MIT"
    },
    "node_modules/sdp-transform": {
      "version": "2.15.0",
      "resolved": "https://registry.npmjs.org/sdp-transform/-/sdp-transform-2.15.0.tgz",
      "integrity": "sha512-KrOH82c/W+GYQ0LHqtr3caRpM3ITglq3ljGUIb8LTki7ByacJZ9z+piSGiwZDsRyhQbYBOBJgr2k6X4BZXi3Kw==",
      "license": "MIT",
      "bin": {
        "sdp-verify": "checker.js"
      }
    },
    "node_modules/string-width": {
      "version": "8.3.0",
      "resolved": "https://registry.npmjs.org/string-width/-/string-width-8.3.0.tgz",
      "integrity": "sha512-ZbmZM0JCihQN91dWnxoipT2KOEyHqEyfRXUyjuRhW8b/xnqPDoq4gWEVApTVa9db2wN8mmoikgFBbjh71+cGeQ==",
      "dev": true,
      "license": "MIT",
      "dependencies": {
        "get-east-asian-width": "^1.5.0",
        "strip-ansi": "^7.1.2"
      },
      "engines": {
        "node": ">=20"
      },
      "funding": {
        "url": "https://github.com/sponsors/sindresorhus"
      }
    },
    "node_modules/strip-ansi": {
      "version": "7.2.0",
      "resolved": "https://registry.npmjs.org/strip-ansi/-/strip-ansi-7.2.0.tgz",
      "integrity": "sha512-yDPMNjp4WyfYBkHnjIRLfca1i6KMyGCtsVgoKe/z1+6vukgaENdgGBZt+ZmKPc4gavvEZ5OgHfHdrazhgNyG7w==",
      "dev": true,
      "license": "MIT",
      "dependencies": {
        "ansi-regex": "^6.2.2"
      },
      "engines": {
        "node": ">=12"
      },
      "funding": {
        "url": "https://github.com/chalk/strip-ansi?sponsor=1"
      }
    },
    "node_modules/ts-debounce": {
      "version": "4.0.0",
      "resolved": "https://registry.npmjs.org/ts-debounce/-/ts-debounce-4.0.0.tgz",
      "integrity": "sha512-+1iDGY6NmOGidq7i7xZGA4cm8DAa6fqdYcvO5Z6yBevH++Bdo9Qt/mN0TzHUgcCcKv1gmh9+W5dHqz8pMWbCbg==",
      "license": "MIT"
    },
    "node_modules/tslib": {
      "version": "2.8.1",
      "resolved": "https://registry.npmjs.org/tslib/-/tslib-2.8.1.tgz",
      "integrity": "sha512-oJFu94HQb+KVduSUQL7wnpmqnfmLsOA/nAh6b6EH0wCEoK0/mPeXU6c3wKDV83MkOuHPRHtSXKKU99IBazS/2w==",
      "license": "0BSD"
    },
    "node_modules/typed-emitter": {
      "version": "2.1.0",
      "resolved": "https://registry.npmjs.org/typed-emitter/-/typed-emitter-2.1.0.tgz",
      "integrity": "sha512-g/KzbYKbH5C2vPkaXGu8DJlHrGKHLsM25Zg9WuC9pMGfuvT+X25tZQWo5fK1BjBm8+UrVE9LDCvaY0CQk+fXDA==",
      "license": "MIT",
      "optionalDependencies": {
        "rxjs": "*"
      }
    },
    "node_modules/typed-query-selector": {
      "version": "2.12.3",
      "resolved": "https://registry.npmjs.org/typed-query-selector/-/typed-query-selector-2.12.3.tgz",
      "integrity": "sha512-/dtuMZyutHLlrxWhhC1uib00ELUr2dZ8C9B8YzZYsJmeE3V56OxRblrSM2UaF142pcMtak7ehZ6+poWGeehNIg==",
      "dev": true,
      "license": "MIT"
    },
    "node_modules/undici-types": {
      "version": "8.9.0",
      "resolved": "https://registry.npmjs.org/undici-types/-/undici-types-8.9.0.tgz",
      "integrity": "sha512-KTDyRTYX8sWmKXAikPHHSyc63CRPETMctyjKFupcC6OBLXT3xsN0e9aF7m+mIXutFWpUXuedtowG7iLOzp0kQg==",
      "dev": true,
      "license": "MIT"
    },
    "node_modules/unpdf": {
      "version": "1.8.0",
      "resolved": "https://registry.npmjs.org/unpdf/-/unpdf-1.8.0.tgz",
      "integrity": "sha512-jQlkckbe5nKxRHQdbvo9IKHlU6Cjq00UlxxB8lrCIxvS2o5IbAL1wM+4a1Yc3+BIohg9p5AsoaftwO+G4Aq/qQ==",
      "license": "MIT",
      "engines": {
        "node": ">=22"
      },
      "peerDependencies": {
        "@napi-rs/canvas": "^0.1.69 || ^1.0.0"
      },
      "peerDependenciesMeta": {
        "@napi-rs/canvas": {
          "optional": true
        }
      }
    },
    "node_modules/webdriver-bidi-protocol": {
      "version": "1.0.1",
      "resolved": "https://registry.npmjs.org/webdriver-bidi-protocol/-/webdriver-bidi-protocol-1.0.1.tgz",
      "integrity": "sha512-WXWs/aXF2a6Al1Z2/V/7Gp2oPZOAAmHjJOTmv4KCXRJ122IMj3tSSMc6a4q3K4QOmhQbse/Ahr+oTVJOU2dUiw==",
      "dev": true,
      "license": "Apache-2.0"
    },
    "node_modules/webrtc-adapter": {
      "version": "9.0.6",
      "resolved": "https://registry.npmjs.org/webrtc-adapter/-/webrtc-adapter-9.0.6.tgz",
      "integrity": "sha512-CHbl2ZQbxx164IgWRgzJno4hWtM4tFbRam1QfI3Yxhs3w/DvqluVxVWeXs3oL5/fbGkSNLKo0Ty5MgUWceNhog==",
      "license": "BSD-3-Clause",
      "dependencies": {
        "sdp": "^3.2.0"
      },
      "engines": {
        "node": ">=6.0.0",
        "npm": ">=3.10.0"
      }
    },
    "node_modules/whatwg-mimetype": {
      "version": "3.0.0",
      "resolved": "https://registry.npmjs.org/whatwg-mimetype/-/whatwg-mimetype-3.0.0.tgz",
      "integrity": "sha512-nt+N2dzIutVRxARx1nghPKGv1xHikU7HKdfafKkLNLindmPU/ch3U31NOCGGA/dmPcmb1VlofO0vnKAcsm0o/Q==",
      "dev": true,
      "license": "MIT",
      "engines": {
        "node": ">=12"
      }
    },
    "node_modules/wrap-ansi": {
      "version": "9.0.2",
      "resolved": "https://registry.npmjs.org/wrap-ansi/-/wrap-ansi-9.0.2.tgz",
      "integrity": "sha512-42AtmgqjV+X1VpdOfyTGOYRi0/zsoLqtXQckTmqTeybT+BDIbM/Guxo7x3pE2vtpr1ok6xRqM9OpBe+Jyoqyww==",
      "dev": true,
      "license": "MIT",
      "dependencies": {
        "ansi-styles": "^6.2.1",
        "string-width": "^7.0.0",
        "strip-ansi": "^7.1.0"
      },
      "engines": {
        "node": ">=18"
      },
      "funding": {
        "url": "https://github.com/chalk/wrap-ansi?sponsor=1"
      }
    },
    "node_modules/wrap-ansi/node_modules/string-width": {
      "version": "7.2.0",
      "resolved": "https://registry.npmjs.org/string-width/-/string-width-7.2.0.tgz",
      "integrity": "sha512-tsaTIkKW9b4N+AEj+SVA+WhJzV7/zMhcSu78mLKWSk7cXMOSHsBKFWUs0fWwq8QyK3MgJBQRX6Gbi4kYbdvGkQ==",
      "dev": true,
      "license": "MIT",
      "dependencies": {
        "emoji-regex": "^10.3.0",
        "get-east-asian-width": "^1.0.0",
        "strip-ansi": "^7.1.0"
      },
      "engines": {
        "node": ">=18"
      },
      "funding": {
        "url": "https://github.com/sponsors/sindresorhus"
      }
    },
    "node_modules/ws": {
      "version": "8.22.0",
      "resolved": "https://registry.npmjs.org/ws/-/ws-8.22.0.tgz",
      "integrity": "sha512-Ydggc987+RO0AnWtZ/7Wq9FtNvcrL1b/RO0ud9mWjUPgDrsAAwQSF51sm2hm1XofbU/4jkpGEsLFsZZxU+1DOg==",
      "dev": true,
      "license": "MIT",
      "engines": {
        "node": ">=10.0.0"
      },
      "peerDependencies": {
        "bufferutil": "^4.0.1",
        "utf-8-validate": ">=5.0.2"
      },
      "peerDependenciesMeta": {
        "bufferutil": {
          "optional": true
        },
        "utf-8-validate": {
          "optional": true
        }
      }
    },
    "node_modules/y18n": {
      "version": "5.0.8",
      "resolved": "https://registry.npmjs.org/y18n/-/y18n-5.0.8.tgz",
      "integrity": "sha512-0pfFzegeDWJHJIAmTLRP2DwHjdF5s7jo9tuztdQxAhINCdvS+3nGINqPd00AphqJR/0LhANUS6/+7SCb98YOfA==",
      "dev": true,
      "license": "ISC",
      "engines": {
        "node": ">=10"
      }
    },
    "node_modules/yargs": {
      "version": "18.2.0",
      "resolved": "https://registry.npmjs.org/yargs/-/yargs-18.2.0.tgz",
      "integrity": "sha512-9OpKOLeaoNFecEp7P6iYbzze/5CqWoH7N3SMs/6y1XF4nMvFMspEGZzJ6uFi9MmQwXhyzqYoSEKO3tvA3Z/o2w==",
      "dev": true,
      "license": "MIT",
      "dependencies": {
        "cliui": "^9.0.1",
        "escalade": "^3.1.1",
        "get-caller-file": "^2.0.5",
        "string-width": "^8.2.1",
        "y18n": "^5.0.5",
        "yargs-parser": "^22.0.0"
      },
      "engines": {
        "node": "^20.19.0 || ^22.12.0 || >=23"
      }
    },
    "node_modules/yargs-parser": {
      "version": "22.0.0",
      "resolved": "https://registry.npmjs.org/yargs-parser/-/yargs-parser-22.0.0.tgz",
      "integrity": "sha512-rwu/ClNdSMpkSrUb+d6BRsSkLUq1fmfsY6TOpYzTwvwkg1/NRG85KBy3kq++A8LKQwX6lsu+aWad+2khvuXrqw==",
      "dev": true,
      "license": "ISC",
      "engines": {
        "node": "^20.19.0 || ^22.12.0 || >=23"
      }
    },
    "node_modules/zod": {
      "version": "4.6.5",
      "resolved": "https://registry.npmjs.org/zod/-/zod-4.6.5.tgz",
      "integrity": "sha512-v5l/aFXZQeai4awLbOpSoHecE9UiMrnfx75tEXLjNonXVARxQ5mOeipTjROUchszUNCqnE+hqAMujRsRHsut2Q==",
      "dev": true,
      "license": "MIT",
      "funding": {
        "url": "https://github.com/sponsors/colinhacks"
      }
    },
    "packages/core": {
      "name": "@inspr/aithema-core",
      "version": "0.0.0",
      "license": "AGPL-3.0-only",
      "engines": {
        "node": ">=24"
      }
    },
    "packages/server": {
      "name": "@inspr/aithema-server",
      "version": "0.0.0",
      "license": "AGPL-3.0-only",
      "dependencies": {
        "@inspr/aithema-core": "*"
      },
      "bin": {
        "aithema-server": "bin/server.js"
      },
      "engines": {
        "node": ">=24"
      }
    },
    "packages/ui": {
      "name": "@inspr/aithema-ui",
      "version": "0.0.0",
      "license": "AGPL-3.0-only",
      "engines": {
        "node": ">=24"
      }
    },
    "plugins/device": {
      "name": "@inspr/aithema-plugin-device",
      "version": "0.0.0",
      "license": "AGPL-3.0-only",
      "dependencies": {
        "@inspr/aithema-core": "*"
      },
      "engines": {
        "node": ">=24"
      }
    },
    "plugins/elevenlabs": {
      "name": "@inspr/aithema-plugin-elevenlabs",
      "version": "0.0.0",
      "license": "AGPL-3.0-only",
      "dependencies": {
        "@elevenlabs/client": "1.17.0",
        "@inspr/aithema-core": "*"
      },
      "engines": {
        "node": ">=24"
      }
    },
    "plugins/extract-ooxml": {
      "name": "@inspr/aithema-plugin-extract-ooxml",
      "version": "0.0.0",
      "license": "AGPL-3.0-only",
      "dependencies": {
        "@inspr/aithema-core": "*"
      },
      "engines": {
        "node": ">=24"
      }
    },
    "plugins/extract-pdf": {
      "name": "@inspr/aithema-plugin-extract-pdf",
      "version": "0.0.0",
      "license": "AGPL-3.0-only",
      "dependencies": {
        "@inspr/aithema-core": "*",
        "unpdf": "1.8.0"
      },
      "engines": {
        "node": ">=24"
      }
    },
    "plugins/extract-text": {
      "name": "@inspr/aithema-plugin-extract-text",
      "version": "0.0.0",
      "license": "AGPL-3.0-only",
      "dependencies": {
        "@inspr/aithema-core": "*"
      },
      "engines": {
        "node": ">=24"
      }
    },
    "plugins/mistral": {
      "name": "@inspr/aithema-plugin-mistral",
      "version": "0.0.0",
      "license": "AGPL-3.0-only",
      "dependencies": {
        "@inspr/aithema-core": "*"
      },
      "engines": {
        "node": ">=24"
      }
    },
    "plugins/openai-images": {
      "name": "@inspr/aithema-plugin-openai-images",
      "version": "0.0.0",
      "license": "AGPL-3.0-only",
      "dependencies": {
        "@inspr/aithema-core": "*"
      },
      "engines": {
        "node": ">=24"
      }
    },
    "plugins/openrouter": {
      "name": "@inspr/aithema-plugin-openrouter",
      "version": "0.0.0",
      "license": "AGPL-3.0-only",
      "dependencies": {
        "@inspr/aithema-core": "*"
      },
      "engines": {
        "node": ">=24"
      }
    }
  }
}
